
Microsoft Visual Studio Solution File, Format Version 12.00
# Visual Studio Version 16
VisualStudioVersion = 16.0.30804.86
MinimumVisualStudioVersion = 10.0.40219.1
Project("{FAE04EC0-301F-11D3-BF4B-00C04F79EFBC}") = "Ocp", "Ocp\Ocp.csproj", "{D4007E8C-6820-4660-A977-A8A9DE67569C}"
EndProject
Global
	GlobalSection(SolutionConfigurationPlatforms) = preSolution
		Debug|Any CPU = Debug|Any CPU
		Release|Any CPU = Release|Any CPU
	EndGlobalSection
	GlobalSection(ProjectConfigurationPlatforms) = postSolution
		{D4007E8C-6820-4660-A977-A8A9DE67569C}.Debug|Any CPU.ActiveCfg = Debug|Any CPU
		{D4007E8C-6820-4660-A977-A8A9DE67569C}.Debug|Any CPU.Build.0 = Debug|Any CPU
		{D4007E8C-6820-4660-A977-A8A9DE67569C}.Release|Any CPU.ActiveCfg = Release|Any CPU
		{D4007E8C-6820-4660-A977-A8A9DE67569C}.Release|Any CPU.Build.0 = Release|Any CPU
	EndGlobalSection
	GlobalSection(SolutionProperties) = preSolution
		HideSolutionNode = FALSE
	EndGlobalSection
	GlobalSection(ExtensibilityGlobals) = postSolution
		SolutionGuid = {063E6380-14FB-4151-A15D-654F0870C07F}
	EndGlobalSection
EndGlobal
